
Microsoft Visual Studio Solution File, Format Version 12.00
# Visual Studio Version 17
VisualStudioVersion = 17.1.32210.238
MinimumVisualStudioVersion = 10.0.40219.1
Project("{FAE04EC0-301F-11D3-BF4B-00C04F79EFBC}") = "modul3_1302204105", "modul3_1302204105\modul3_1302204105.csproj", "{FDFB3913-70C4-4BFF-91EF-156D42F6DE43}"
EndProject
Global
	GlobalSection(SolutionConfigurationPlatforms) = preSolution
		Debug|Any CPU = Debug|Any CPU
		Release|Any CPU = Release|Any CPU
	EndGlobalSection
	GlobalSection(ProjectConfigurationPlatforms) = postSolution
		{FDFB3913-70C4-4BFF-91EF-156D42F6DE43}.Debug|Any CPU.ActiveCfg = Debug|Any CPU
		{FDFB3913-70C4-4BFF-91EF-156D42F6DE43}.Debug|Any CPU.Build.0 = Debug|Any CPU
		{FDFB3913-70C4-4BFF-91EF-156D42F6DE43}.Release|Any CPU.ActiveCfg = Release|Any CPU
		{FDFB3913-70C4-4BFF-91EF-156D42F6DE43}.Release|Any CPU.Build.0 = Release|Any CPU
	EndGlobalSection
	GlobalSection(SolutionProperties) = preSolution
		HideSolutionNode = FALSE
	EndGlobalSection
	GlobalSection(ExtensibilityGlobals) = postSolution
		SolutionGuid = {EBB4CC83-935F-4452-9F9B-7C2FAF013AD0}
	EndGlobalSection
EndGlobal
